// !$*UTF8*$!
{
	archiveVersion = 1;
	classes = {
	};
	objectVersion = 48;
	objects = {

/* Begin PBXBuildFile section */
		3249B70A1FD7B4A0003BDF59 /* AppDelegate.swift in Sources */ = {isa = PBXBuildFile; fileRef = 3249B7091FD7B4A0003BDF59 /* AppDelegate.swift */; };
		3249B70C1FD7B4A0003BDF59 /* SignInViewController.swift in Sources */ = {isa = PBXBuildFile; fileRef = 3249B70B1FD7B4A0003BDF59 /* SignInViewController.swift */; };
		3249B70F1FD7B4A0003BDF59 /* Main.storyboard in Resources */ = {isa = PBXBuildFile; fileRef = 3249B70D1FD7B4A0003BDF59 /* Main.storyboard */; };
		3249B7111FD7B4A0003BDF59 /* Assets.xcassets in Resources */ = {isa = PBXBuildFile; fileRef = 3249B7101FD7B4A0003BDF59 /* Assets.xcassets */; };
		3249B7141FD7B4A0003BDF59 /* LaunchScreen.storyboard in Resources */ = {isa = PBXBuildFile; fileRef = 3249B7121FD7B4A0003BDF59 /* LaunchScreen.storyboard */; };
		3249B71C1FD7BCB9003BDF59 /* GoogleService-Info.plist in Resources */ = {isa = PBXBuildFile; fileRef = 3249B71B1FD7BCB9003BDF59 /* GoogleService-Info.plist */; };
		3249B71E1FD885A9003BDF59 /* SnapViewController.swift in Sources */ = {isa = PBXBuildFile; fileRef = 3249B71D1FD885A9003BDF59 /* SnapViewController.swift */; };
		3249B7201FD8A382003BDF59 /* pictures.png in Resources */ = {isa = PBXBuildFile; fileRef = 3249B71F1FD8A382003BDF59 /* pictures.png */; };
		3249B7221FD8A52F003BDF59 /* PictureViewController.swift in Sources */ = {isa = PBXBuildFile; fileRef = 3249B7211FD8A52F003BDF59 /* PictureViewController.swift */; };
		3249B7241FD8B503003BDF59 /* SelectUserViewController.swift in Sources */ = {isa = PBXBuildFile; fileRef = 3249B7231FD8B503003BDF59 /* SelectUserViewController.swift */; };
		3249B7261FD8D20B003BDF59 /* User.swift in Sources */ = {isa = PBXBuildFile; fileRef = 3249B7251FD8D20B003BDF59 /* User.swift */; };
		3249B72A1FDA1235003BDF59 /* Snap.swift in Sources */ = {isa = PBXBuildFile; fileRef = 3249B7291FDA1235003BDF59 /* Snap.swift */; };
		3249B72C1FDA1889003BDF59 /* ViewSnapViewController.swift in Sources */ = {isa = PBXBuildFile; fileRef = 3249B72B1FDA1889003BDF59 /* ViewSnapViewController.swift */; };
		3249B7321FDA5C87003BDF59 /* film_icon_small.png in Resources */ = {isa = PBXBuildFile; fileRef = 3249B7311FDA5C86003BDF59 /* film_icon_small.png */; };
		5BD7A0EFDA2804472DFF3FE7 /* Pods_snapChatClone.framework in Frameworks */ = {isa = PBXBuildFile; fileRef = 3FC5EA5E638A15501BEB8F0C /* Pods_snapChatClone.framework */; };
/* End PBXBuildFile section */

/* Begin PBXFileReference section */
		0C5FFB69AF1EBE0B1C51BCEE /* Pods-snapChatClone.debug.xcconfig */ = {isa = PBXFileReference; includeInIndex = 1; lastKnownFileType = text.xcconfig; name = "Pods-snapChatClone.debug.xcconfig"; path = "Pods/Target Support Files/Pods-snapChatClone/Pods-snapChatClone.debug.xcconfig"; sourceTree = "<group>"; };
		1607B5D08894E6A4F6BCBCD6 /* Pods-snapChatClone.release.xcconfig */ = {isa = PBXFileReference; includeInIndex = 1; lastKnownFileType = text.xcconfig; name = "Pods-snapChatClone.release.xcconfig"; path = "Pods/Target Support Files/Pods-snapChatClone/Pods-snapChatClone.release.xcconfig"; sourceTree = "<group>"; };
		3249B7061FD7B4A0003BDF59 /* snapChatClone.app */ = {isa = PBXFileReference; explicitFileType = wrapper.application; includeInIndex = 0; path = snapChatClone.app; sourceTree = BUILT_PRODUCTS_DIR; };
		3249B7091FD7B4A0003BDF59 /* AppDelegate.swift */ = {isa = PBXFileReference; lastKnownFileType = sourcecode.swift; path = AppDelegate.swift; sourceTree = "<group>"; };
		3249B70B1FD7B4A0003BDF59 /* SignInViewController.swift */ = {isa = PBXFileReference; lastKnownFileType = sourcecode.swift; path = SignInViewController.swift; sourceTree = "<group>"; };
		3249B70E1FD7B4A0003BDF59 /* Base */ = {isa = PBXFileReference; lastKnownFileType = file.storyboard; name = Base; path = Base.lproj/Main.storyboard; sourceTree = "<group>"; };
		3249B7101FD7B4A0003BDF59 /* Assets.xcassets */ = {isa = PBXFileReference; lastKnownFileType = folder.assetcatalog; path = Assets.xcassets; sourceTree = "<group>"; };
		3249B7131FD7B4A0003BDF59 /* Base */ = {isa = PBXFileReference; lastKnownFileType = file.storyboard; name = Base; path = Base.lproj/LaunchScreen.storyboard; sourceTree = "<group>"; };
		3249B7151FD7B4A0003BDF59 /* Info.plist */ = {isa = PBXFileReference; lastKnownFileType = text.plist.xml; path = Info.plist; sourceTree = "<group>"; };
		3249B71B1FD7BCB9003BDF59 /* GoogleService-Info.plist */ = {isa = PBXFileReference; fileEncoding = 4; lastKnownFileType = text.plist.xml; path = "GoogleService-Info.plist"; sourceTree = "<group>"; };
		3249B71D1FD885A9003BDF59 /* SnapViewController.swift */ = {isa = PBXFileReference; lastKnownFileType = sourcecode.swift; path = SnapViewController.swift; sourceTree = "<group>"; };
		3249B71F1FD8A382003BDF59 /* pictures.png */ = {isa = PBXFileReference; lastKnownFileType = image.png; path = pictures.png; sourceTree = SOURCE_ROOT; };
		3249B7211FD8A52F003BDF59 /* PictureViewController.swift */ = {isa = PBXFileReference; lastKnownFileType = sourcecode.swift; path = PictureViewController.swift; sourceTree = "<group>"; };
		3249B7231FD8B503003BDF59 /* SelectUserViewController.swift */ = {isa = PBXFileReference; lastKnownFileType = sourcecode.swift; path = SelectUserViewController.swift; sourceTree = "<group>"; };
		3249B7251FD8D20B003BDF59 /* User.swift */ = {isa = PBXFileReference; lastKnownFileType = sourcecode.swift; path = User.swift; sourceTree = "<group>"; };
		3249B7291FDA1235003BDF59 /* Snap.swift */ = {isa = PBXFileReference; lastKnownFileType = sourcecode.swift; path = Snap.swift; sourceTree = "<group>"; };
		3249B72B1FDA1889003BDF59 /* ViewSnapViewController.swift */ = {isa = PBXFileReference; lastKnownFileType = sourcecode.swift; path = ViewSnapViewController.swift; sourceTree = "<group>"; };
		3249B7311FDA5C86003BDF59 /* film_icon_small.png */ = {isa = PBXFileReference; lastKnownFileType = image.png; path = film_icon_small.png; sourceTree = "<group>"; };
		3FC5EA5E638A15501BEB8F0C /* Pods_snapChatClone.framework */ = {isa = PBXFileReference; explicitFileType = wrapper.framework; includeInIndex = 0; path = Pods_snapChatClone.framework; sourceTree = BUILT_PRODUCTS_DIR; };
/* End PBXFileReference section */

/* Begin PBXFrameworksBuildPhase section */
		3249B7031FD7B4A0003BDF59 /* Frameworks */ = {
			isa = PBXFrameworksBuildPhase;
			buildActionMask = 2147483647;
			files = (
				5BD7A0EFDA2804472DFF3FE7 /* Pods_snapChatClone.framework in Frameworks */,
			);
			runOnlyForDeploymentPostprocessing = 0;
		};
/* End PBXFrameworksBuildPhase section */

/* Begin PBXGroup section */
		3249B6FD1FD7B4A0003BDF59 = {
			isa = PBXGroup;
			children = (
				3249B7081FD7B4A0003BDF59 /* snapChatClone */,
				3249B7071FD7B4A0003BDF59 /* Products */,
				FF0036D8EB85ADE68008EF90 /* Pods */,
				6A17C7A4AAB022B051230D2E /* Frameworks */,
			);
			sourceTree = "<group>";
		};
		3249B7071FD7B4A0003BDF59 /* Products */ = {
			isa = PBXGroup;
			children = (
				3249B7061FD7B4A0003BDF59 /* snapChatClone.app */,
			);
			name = Products;
			sourceTree = "<group>";
		};
		3249B7081FD7B4A0003BDF59 /* snapChatClone */ = {
			isa = PBXGroup;
			children = (
				3249B7091FD7B4A0003BDF59 /* AppDelegate.swift */,
				3249B71D1FD885A9003BDF59 /* SnapViewController.swift */,
				3249B70B1FD7B4A0003BDF59 /* SignInViewController.swift */,
				3249B72B1FDA1889003BDF59 /* ViewSnapViewController.swift */,
				3249B7231FD8B503003BDF59 /* SelectUserViewController.swift */,
				3249B7211FD8A52F003BDF59 /* PictureViewController.swift */,
				3249B70D1FD7B4A0003BDF59 /* Main.storyboard */,
				3249B7121FD7B4A0003BDF59 /* LaunchScreen.storyboard */,
				3249B7101FD7B4A0003BDF59 /* Assets.xcassets */,
				3249B7151FD7B4A0003BDF59 /* Info.plist */,
				3249B71B1FD7BCB9003BDF59 /* GoogleService-Info.plist */,
				3249B71F1FD8A382003BDF59 /* pictures.png */,
				3249B7311FDA5C86003BDF59 /* film_icon_small.png */,
				3249B7251FD8D20B003BDF59 /* User.swift */,
				3249B7291FDA1235003BDF59 /* Snap.swift */,
			);
			path = snapChatClone;
			sourceTree = "<group>";
		};
		6A17C7A4AAB022B051230D2E /* Frameworks */ = {
			isa = PBXGroup;
			children = (
				3FC5EA5E638A15501BEB8F0C /* Pods_snapChatClone.framework */,
			);
			name = Frameworks;
			sourceTree = "<group>";
		};
		FF0036D8EB85ADE68008EF90 /* Pods */ = {
			isa = PBXGroup;
			children = (
				0C5FFB69AF1EBE0B1C51BCEE /* Pods-snapChatClone.debug.xcconfig */,
				1607B5D08894E6A4F6BCBCD6 /* Pods-snapChatClone.release.xcconfig */,
			);
			name = Pods;
			sourceTree = "<group>";
		};
/* End PBXGroup section */

/* Begin PBXNativeTarget section */
		3249B7051FD7B4A0003BDF59 /* snapChatClone */ = {
			isa = PBXNativeTarget;
			buildConfigurationList = 3249B7181FD7B4A0003BDF59 /* Build configuration list for PBXNativeTarget "snapChatClone" */;
			buildPhases = (
				D577BDE799CEE3F60E1DA9E3 /* [CP] Check Pods Manifest.lock */,
				3249B7021FD7B4A0003BDF59 /* Sources */,
				3249B7031FD7B4A0003BDF59 /* Frameworks */,
				3249B7041FD7B4A0003BDF59 /* Resources */,
				58026CA093833CCF6F25BD6F /* [CP] Embed Pods Frameworks */,
				E3E018730F9E981C13957272 /* [CP] Copy Pods Resources */,
			);
			buildRules = (
			);
			dependencies = (
			);
			name = snapChatClone;
			productName = snapChatClone;
			productReference = 3249B7061FD7B4A0003BDF59 /* snapChatClone.app */;
			productType = "com.apple.product-type.application";
		};
/* End PBXNativeTarget section */

/* Begin PBXProject section */
		3249B6FE1FD7B4A0003BDF59 /* Project object */ = {
			isa = PBXProject;
			attributes = {
				LastSwiftUpdateCheck = 0920;
				LastUpgradeCheck = 0920;
				ORGANIZATIONNAME = "Heather Cates";
				TargetAttributes = {
					3249B7051FD7B4A0003BDF59 = {
						CreatedOnToolsVersion = 9.2;
						ProvisioningStyle = Automatic;
					};
				};
			};
			buildConfigurationList = 3249B7011FD7B4A0003BDF59 /* Build configuration list for PBXProject "snapChatClone" */;
			compatibilityVersion = "Xcode 8.0";
			developmentRegion = en;
			hasScannedForEncodings = 0;
			knownRegions = (
				en,
				Base,
			);
			mainGroup = 3249B6FD1FD7B4A0003BDF59;
			productRefGroup = 3249B7071FD7B4A0003BDF59 /* Products */;
			projectDirPath = "";
			projectRoot = "";
			targets = (
				3249B7051FD7B4A0003BDF59 /* snapChatClone */,
			);
		};
/* End PBXProject section */

/* Begin PBXResourcesBuildPhase section */
		3249B7041FD7B4A0003BDF59 /* Resources */ = {
			isa = PBXResourcesBuildPhase;
			buildActionMask = 2147483647;
			files = (
				3249B7141FD7B4A0003BDF59 /* LaunchScreen.storyboard in Resources */,
				3249B71C1FD7BCB9003BDF59 /* GoogleService-Info.plist in Resources */,
				3249B7111FD7B4A0003BDF59 /* Assets.xcassets in Resources */,
				3249B70F1FD7B4A0003BDF59 /* Main.storyboard in Resources */,
				3249B7321FDA5C87003BDF59 /* film_icon_small.png in Resources */,
				3249B7201FD8A382003BDF59 /* pictures.png in Resources */,
			);
			runOnlyForDeploymentPostprocessing = 0;
		};
/* End PBXResourcesBuildPhase section */

/* Begin PBXShellScriptBuildPhase section */
		58026CA093833CCF6F25BD6F /* [CP] Embed Pods Frameworks */ = {
			isa = PBXShellScriptBuildPhase;
			buildActionMask = 2147483647;
			files = (
			);
			inputPaths = (
				"${SRCROOT}/Pods/Target Support Files/Pods-snapChatClone/Pods-snapChatClone-frameworks.sh",
				"${BUILT_PRODUCTS_DIR}/GTMSessionFetcher/GTMSessionFetcher.framework",
				"${BUILT_PRODUCTS_DIR}/GoogleToolboxForMac/GoogleToolboxForMac.framework",
				"${BUILT_PRODUCTS_DIR}/SDWebImage/SDWebImage.framework",
				"${BUILT_PRODUCTS_DIR}/leveldb-library/leveldb.framework",
				"${BUILT_PRODUCTS_DIR}/nanopb/nanopb.framework",
			);
			name = "[CP] Embed Pods Frameworks";
			outputPaths = (
				"${TARGET_BUILD_DIR}/${FRAMEWORKS_FOLDER_PATH}/GTMSessionFetcher.framework",
				"${TARGET_BUILD_DIR}/${FRAMEWORKS_FOLDER_PATH}/GoogleToolboxForMac.framework",
				"${TARGET_BUILD_DIR}/${FRAMEWORKS_FOLDER_PATH}/SDWebImage.framework",
				"${TARGET_BUILD_DIR}/${FRAMEWORKS_FOLDER_PATH}/leveldb.framework",
				"${TARGET_BUILD_DIR}/${FRAMEWORKS_FOLDER_PATH}/nanopb.framework",
			);
			runOnlyForDeploymentPostprocessing = 0;
			shellPath = /bin/sh;
			shellScript = "\"${SRCROOT}/Pods/Target Support Files/Pods-snapChatClone/Pods-snapChatClone-frameworks.sh\"\n";
			showEnvVarsInLog = 0;
		};
		D577BDE799CEE3F60E1DA9E3 /* [CP] Check Pods Manifest.lock */ = {
			isa = PBXShellScriptBuildPhase;
			buildActionMask = 2147483647;
			files = (
			);
			inputPaths = (
				"${PODS_PODFILE_DIR_PATH}/Podfile.lock",
				"${PODS_ROOT}/Manifest.lock",
			);
			name = "[CP] Check Pods Manifest.lock";
			outputPaths = (
				"$(DERIVED_FILE_DIR)/Pods-snapChatClone-checkManifestLockResult.txt",
			);
			runOnlyForDeploymentPostprocessing = 0;
			shellPath = /bin/sh;
			shellScript = "diff \"${PODS_PODFILE_DIR_PATH}/Podfile.lock\" \"${PODS_ROOT}/Manifest.lock\" > /dev/null\nif [ $? != 0 ] ; then\n    # print error to STDERR\n    echo \"error: The sandbox is not in sync with the Podfile.lock. Run 'pod install' or update your CocoaPods installation.\" >&2\n    exit 1\nfi\n# This output is used by Xcode 'outputs' to avoid re-running this script phase.\necho \"SUCCESS\" > \"${SCRIPT_OUTPUT_FILE_0}\"\n";
			showEnvVarsInLog = 0;
		};
		E3E018730F9E981C13957272 /* [CP] Copy Pods Resources */ = {
			isa = PBXShellScriptBuildPhase;
			buildActionMask = 2147483647;
			files = (
			);
			inputPaths = (
			);
			name = "[CP] Copy Pods Resources";
			outputPaths = (
			);
			runOnlyForDeploymentPostprocessing = 0;
			shellPath = /bin/sh;
			shellScript = "\"${SRCROOT}/Pods/Target Support Files/Pods-snapChatClone/Pods-snapChatClone-resources.sh\"\n";
			showEnvVarsInLog = 0;
		};
/* End PBXShellScriptBuildPhase section */

/* Begin PBXSourcesBuildPhase section */
		3249B7021FD7B4A0003BDF59 /* Sources */ = {
			isa = PBXSourcesBuildPhase;
			buildActionMask = 2147483647;
			files = (
				3249B71E1FD885A9003BDF59 /* SnapViewController.swift in Sources */,
				3249B7221FD8A52F003BDF59 /* PictureViewController.swift in Sources */,
				3249B7261FD8D20B003BDF59 /* User.swift in Sources */,
				3249B72C1FDA1889003BDF59 /* ViewSnapViewController.swift in Sources */,
				3249B7241FD8B503003BDF59 /* SelectUserViewController.swift in Sources */,
				3249B72A1FDA1235003BDF59 /* Snap.swift in Sources */,
				3249B70C1FD7B4A0003BDF59 /* SignInViewController.swift in Sources */,
				3249B70A1FD7B4A0003BDF59 /* AppDelegate.swift in Sources */,
			);
			runOnlyForDeploymentPostprocessing = 0;
		};
/* End PBXSourcesBuildPhase section */

/* Begin PBXVariantGroup section */
		3249B70D1FD7B4A0003BDF59 /* Main.storyboard */ = {
			isa = PBXVariantGroup;
			children = (
				3249B70E1FD7B4A0003BDF59 /* Base */,
			);
			name = Main.storyboard;
			sourceTree = "<group>";
		};
		3249B7121FD7B4A0003BDF59 /* LaunchScreen.storyboard */ = {
			isa = PBXVariantGroup;
			children = (
				3249B7131FD7B4A0003BDF59 /* Base */,
			);
			name = LaunchScreen.storyboard;
			sourceTree = "<group>";
		};
/* End PBXVariantGroup section */

/* Begin XCBuildConfiguration section */
		3249B7161FD7B4A0003BDF59 /* Debug */ = {
			isa = XCBuildConfiguration;
			buildSettings = {
				ALWAYS_SEARCH_USER_PATHS = NO;
				CLANG_ANALYZER_NONNULL = YES;
				CLANG_ANALYZER_NUMBER_OBJECT_CONVERSION = YES_AGGRESSIVE;
				CLANG_CXX_LANGUAGE_STANDARD = "gnu++14";
				CLANG_CXX_LIBRARY = "libc++";
				CLANG_ENABLE_MODULES = YES;
				CLANG_ENABLE_OBJC_ARC = YES;
				CLANG_WARN_BLOCK_CAPTURE_AUTORELEASING = YES;
				CLANG_WARN_BOOL_CONVERSION = YES;
				CLANG_WARN_COMMA = YES;
				CLANG_WARN_CONSTANT_CONVERSION = YES;
				CLANG_WARN_DIRECT_OBJC_ISA_USAGE = YES_ERROR;
				CLANG_WARN_DOCUMENTATION_COMMENTS = YES;
				CLANG_WARN_EMPTY_BODY = YES;
				CLANG_WARN_ENUM_CONVERSION = YES;
				CLANG_WARN_INFINITE_RECURSION = YES;
				CLANG_WARN_INT_CONVERSION = YES;
				CLANG_WARN_NON_LITERAL_NULL_CONVERSION = YES;
				CLANG_WARN_OBJC_LITERAL_CONVERSION = YES;
				CLANG_WARN_OBJC_ROOT_CLASS = YES_ERROR;
				CLANG_WARN_RANGE_LOOP_ANALYSIS = YES;
				CLANG_WARN_STRICT_PROTOTYPES = YES;
				CLANG_WARN_SUSPICIOUS_MOVE = YES;
				CLANG_WARN_UNGUARDED_AVAILABILITY = YES_AGGRESSIVE;
				CLANG_WARN_UNREACHABLE_CODE = YES;
				CLANG_WARN__DUPLICATE_METHOD_MATCH = YES;
				CODE_SIGN_IDENTITY = "iPhone Developer";
				COPY_PHASE_STRIP = NO;
				DEBUG_INFORMATION_FORMAT = dwarf;
				ENABLE_STRICT_OBJC_MSGSEND = YES;
				ENABLE_TESTABILITY = YES;
				GCC_C_LANGUAGE_STANDARD = gnu11;
				GCC_DYNAMIC_NO_PIC = NO;
				GCC_NO_COMMON_BLOCKS = YES;
				GCC_OPTIMIZATION_LEVEL = 0;
				GCC_PREPROCESSOR_DEFINITIONS = (
					"DEBUG=1",
					"$(inherited)",
				);
				GCC_WARN_64_TO_32_BIT_CONVERSION = YES;
				GCC_WARN_ABOUT_RETURN_TYPE = YES_ERROR;
				GCC_WARN_UNDECLARED_SELECTOR = YES;
				GCC_WARN_UNINITIALIZED_AUTOS = YES_AGGRESSIVE;
				GCC_WARN_UNUSED_FUNCTION = YES;
				GCC_WARN_UNUSED_VARIABLE = YES;
				IPHONEOS_DEPLOYMENT_TARGET = 11.2;
				MTL_ENABLE_DEBUG_INFO = YES;
				ONLY_ACTIVE_ARCH = YES;
				SDKROOT = iphoneos;
				SWIFT_ACTIVE_COMPILATION_CONDITIONS = DEBUG;
				SWIFT_OPTIMIZATION_LEVEL = "-Onone";
			};
			name = Debug;
		};
		3249B7171FD7B4A0003BDF59 /* Release */ = {
			isa = XCBuildConfiguration;
			buildSettings = {
				ALWAYS_SEARCH_USER_PATHS = NO;
				CLANG_ANALYZER_NONNULL = YES;
				CLANG_ANALYZER_NUMBER_OBJECT_CONVERSION = YES_AGGRESSIVE;
				CLANG_CXX_LANGUAGE_STANDARD = "gnu++14";
				CLANG_CXX_LIBRARY = "libc++";
				CLANG_ENABLE_MODULES = YES;
				CLANG_ENABLE_OBJC_ARC = YES;
				CLANG_WARN_BLOCK_CAPTURE_AUTORELEASING = YES;
				CLANG_WARN_BOOL_CONVERSION = YES;
				CLANG_WARN_COMMA = YES;
				CLANG_WARN_CONSTANT_CONVERSION = YES;
				CLANG_WARN_DIRECT_OBJC_ISA_USAGE = YES_ERROR;
				CLANG_WARN_DOCUMENTATION_COMMENTS = YES;
				CLANG_WARN_EMPTY_BODY = YES;
				CLANG_WARN_ENUM_CONVERSION = YES;
				CLANG_WARN_INFINITE_RECURSION = YES;
				CLANG_WARN_INT_CONVERSION = YES;
				CLANG_WARN_NON_LITERAL_NULL_CONVERSION = YES;
				CLANG_WARN_OBJC_LITERAL_CONVERSION = YES;
				CLANG_WARN_OBJC_ROOT_CLASS = YES_ERROR;
				CLANG_WARN_RANGE_LOOP_ANALYSIS = YES;
				CLANG_WARN_STRICT_PROTOTYPES = YES;
				CLANG_WARN_SUSPICIOUS_MOVE = YES;
				CLANG_WARN_UNGUARDED_AVAILABILITY = YES_AGGRESSIVE;
				CLANG_WARN_UNREACHABLE_CODE = YES;
				CLANG_WARN__DUPLICATE_METHOD_MATCH = YES;
				CODE_SIGN_IDENTITY = "iPhone Developer";
				COPY_PHASE_STRIP = NO;
				DEBUG_INFORMATION_FORMAT = "dwarf-with-dsym";
				ENABLE_NS_ASSERTIONS = NO;
				ENABLE_STRICT_OBJC_MSGSEND = YES;
				GCC_C_LANGUAGE_STANDARD = gnu11;
				GCC_NO_COMMON_BLOCKS = YES;
				GCC_WARN_64_TO_32_BIT_CONVERSION = YES;
				GCC_WARN_ABOUT_RETURN_TYPE = YES_ERROR;
				GCC_WARN_UNDECLARED_SELECTOR = YES;
				GCC_WARN_UNINITIALIZED_AUTOS = YES_AGGRESSIVE;
				GCC_WARN_UNUSED_FUNCTION = YES;
				GCC_WARN_UNUSED_VARIABLE = YES;
				IPHONEOS_DEPLOYMENT_TARGET = 11.2;
				MTL_ENABLE_DEBUG_INFO = NO;
				SDKROOT = iphoneos;
				SWIFT_OPTIMIZATION_LEVEL = "-Owholemodule";
				VALIDATE_PRODUCT = YES;
			};
			name = Release;
		};
		3249B7191FD7B4A0003BDF59 /* Debug */ = {
			isa = XCBuildConfiguration;
			baseConfigurationReference = 0C5FFB69AF1EBE0B1C51BCEE /* Pods-snapChatClone.debug.xcconfig */;
			buildSettings = {
				ASSETCATALOG_COMPILER_APPICON_NAME = AppIcon;
				CODE_SIGN_STYLE = Automatic;
				DEVELOPMENT_TEAM = 8N43FUBA75;
				INFOPLIST_FILE = snapChatClone/Info.plist;
				LD_RUNPATH_SEARCH_PATHS = "$(inherited) @executable_path/Frameworks";
				PRODUCT_BUNDLE_IDENTIFIER = com.HeatherCates.snapChatClone;
				PRODUCT_NAME = "$(TARGET_NAME)";
				SWIFT_VERSION = 4.0;
				TARGETED_DEVICE_FAMILY = "1,2";
			};
			name = Debug;
		};
		3249B71A1FD7B4A0003BDF59 /* Release */ = {
			isa = XCBuildConfiguration;
			baseConfigurationReference = 1607B5D08894E6A4F6BCBCD6 /* Pods-snapChatClone.release.xcconfig */;
			buildSettings = {
				ASSETCATALOG_COMPILER_APPICON_NAME = AppIcon;
				CODE_SIGN_STYLE = Automatic;
				DEVELOPMENT_TEAM = 8N43FUBA75;
				INFOPLIST_FILE = snapChatClone/Info.plist;
				LD_RUNPATH_SEARCH_PATHS = "$(inherited) @executable_path/Frameworks";
				PRODUCT_BUNDLE_IDENTIFIER = com.HeatherCates.snapChatClone;
				PRODUCT_NAME = "$(TARGET_NAME)";
				SWIFT_VERSION = 4.0;
				TARGETED_DEVICE_FAMILY = "1,2";
			};
			name = Release;
		};
/* End XCBuildConfiguration section */

/* Begin XCConfigurationList section */
		3249B7011FD7B4A0003BDF59 /* Build configuration list for PBXProject "snapChatClone" */ = {
			isa = XCConfigurationList;
			buildConfigurations = (
				3249B7161FD7B4A0003BDF59 /* Debug */,
				3249B7171FD7B4A0003BDF59 /* Release */,
			);
			defaultConfigurationIsVisible = 0;
			defaultConfigurationName = Release;
		};
		3249B7181FD7B4A0003BDF59 /* Build configuration list for PBXNativeTarget "snapChatClone" */ = {
			isa = XCConfigurationList;
			buildConfigurations = (
				3249B7191FD7B4A0003BDF59 /* Debug */,
				3249B71A1FD7B4A0003BDF59 /* Release */,
			);
			defaultConfigurationIsVisible = 0;
			defaultConfigurationName = Release;
		};
/* End XCConfigurationList section */
	};
	rootObject = 3249B6FE1FD7B4A0003BDF59 /* Project object */;
}
